
Microsoft Visual Studio Solution File, Format Version 12.00
# Visual Studio Version 17
VisualStudioVersion = 17.8.34330.188
MinimumVisualStudioVersion = 10.0.40219.1
Project("{8BC9CEB8-8B4A-11D0-8D11-00A0C91BC942}") = "EngineBase", "EngineBase\EngineBase.vcxproj", "{4447AD4F-5D6D-4034-A3FC-FDFAEE247FEC}"
EndProject
Project("{8BC9CEB8-8B4A-11D0-8D11-00A0C91BC942}") = "EnginePlatform", "EnginePlatform\EnginePlatform.vcxproj", "{17C7B916-2CBC-4989-B041-D89C8557D742}"
EndProject
Project("{2150E333-8FDC-42A3-9474-1A3956D46DE8}") = "Level0", "Level0", "{9CA65574-BCAE-44E6-BC78-0C41DF50E9EC}"
EndProject
Project("{2150E333-8FDC-42A3-9474-1A3956D46DE8}") = "Level1", "Level1", "{5C12F6BA-C3B9-4AAD-ADF8-2F8DAD8E8F70}"
EndProject
Project("{2150E333-8FDC-42A3-9474-1A3956D46DE8}") = "Level2", "Level2", "{AAEE4019-B8DE-4CC1-A219-D388A5C274DE}"
EndProject
Project("{8BC9CEB8-8B4A-11D0-8D11-00A0C91BC942}") = "EngineCore", "EngineCore\EngineCore.vcxproj", "{77630C7D-54DD-476C-A783-4DE6FB343511}"
EndProject
Project("{2150E333-8FDC-42A3-9474-1A3956D46DE8}") = "Level3", "Level3", "{3AA4F1CF-16CB-47B8-BA57-9834ED192011}"
EndProject
Project("{8BC9CEB8-8B4A-11D0-8D11-00A0C91BC942}") = "App", "App\App.vcxproj", "{F036FF6A-D3B2-4F4E-928A-E30E90243DD1}"
EndProject
Project("{2150E333-8FDC-42A3-9474-1A3956D46DE8}") = "Level4", "Level4", "{FD0BC84F-8A9D-461F-9D64-E7AFE0CE96F3}"
EndProject
Project("{8BC9CEB8-8B4A-11D0-8D11-00A0C91BC942}") = "Contents_Helltaker", "Contents_Helltaker\Contents_Helltaker.vcxproj", "{4731C1C7-10E6-4B74-8260-A00BE1B620F6}"
EndProject
Global
	GlobalSection(SolutionConfigurationPlatforms) = preSolution
		Debug|x64 = Debug|x64
		Debug|x86 = Debug|x86
		Release|x64 = Release|x64
		Release|x86 = Release|x86
	EndGlobalSection
	GlobalSection(ProjectConfigurationPlatforms) = postSolution
		{4447AD4F-5D6D-4034-A3FC-FDFAEE247FEC}.Debug|x64.ActiveCfg = Debug|x64
		{4447AD4F-5D6D-4034-A3FC-FDFAEE247FEC}.Debug|x64.Build.0 = Debug|x64
		{4447AD4F-5D6D-4034-A3FC-FDFAEE247FEC}.Debug|x86.ActiveCfg = Debug|Win32
		{4447AD4F-5D6D-4034-A3FC-FDFAEE247FEC}.Debug|x86.Build.0 = Debug|Win32
		{4447AD4F-5D6D-4034-A3FC-FDFAEE247FEC}.Release|x64.ActiveCfg = Release|x64
		{4447AD4F-5D6D-4034-A3FC-FDFAEE247FEC}.Release|x64.Build.0 = Release|x64
		{4447AD4F-5D6D-4034-A3FC-FDFAEE247FEC}.Release|x86.ActiveCfg = Release|Win32
		{4447AD4F-5D6D-4034-A3FC-FDFAEE247FEC}.Release|x86.Build.0 = Release|Win32
		{17C7B916-2CBC-4989-B041-D89C8557D742}.Debug|x64.ActiveCfg = Debug|x64
		{17C7B916-2CBC-4989-B041-D89C8557D742}.Debug|x64.Build.0 = Debug|x64
		{17C7B916-2CBC-4989-B041-D89C8557D742}.Debug|x86.ActiveCfg = Debug|Win32
		{17C7B916-2CBC-4989-B041-D89C8557D742}.Debug|x86.Build.0 = Debug|Win32
		{17C7B916-2CBC-4989-B041-D89C8557D742}.Release|x64.ActiveCfg = Release|x64
		{17C7B916-2CBC-4989-B041-D89C8557D742}.Release|x64.Build.0 = Release|x64
		{17C7B916-2CBC-4989-B041-D89C8557D742}.Release|x86.ActiveCfg = Release|Win32
		{17C7B916-2CBC-4989-B041-D89C8557D742}.Release|x86.Build.0 = Release|Win32
		{77630C7D-54DD-476C-A783-4DE6FB343511}.Debug|x64.ActiveCfg = Debug|x64
		{77630C7D-54DD-476C-A783-4DE6FB343511}.Debug|x64.Build.0 = Debug|x64
		{77630C7D-54DD-476C-A783-4DE6FB343511}.Debug|x86.ActiveCfg = Debug|Win32
		{77630C7D-54DD-476C-A783-4DE6FB343511}.Debug|x86.Build.0 = Debug|Win32
		{77630C7D-54DD-476C-A783-4DE6FB343511}.Release|x64.ActiveCfg = Release|x64
		{77630C7D-54DD-476C-A783-4DE6FB343511}.Release|x64.Build.0 = Release|x64
		{77630C7D-54DD-476C-A783-4DE6FB343511}.Release|x86.ActiveCfg = Release|Win32
		{77630C7D-54DD-476C-A783-4DE6FB343511}.Release|x86.Build.0 = Release|Win32
		{F036FF6A-D3B2-4F4E-928A-E30E90243DD1}.Debug|x64.ActiveCfg = Debug|x64
		{F036FF6A-D3B2-4F4E-928A-E30E90243DD1}.Debug|x64.Build.0 = Debug|x64
		{F036FF6A-D3B2-4F4E-928A-E30E90243DD1}.Debug|x86.ActiveCfg = Debug|Win32
		{F036FF6A-D3B2-4F4E-928A-E30E90243DD1}.Debug|x86.Build.0 = Debug|Win32
		{F036FF6A-D3B2-4F4E-928A-E30E90243DD1}.Release|x64.ActiveCfg = Release|x64
		{F036FF6A-D3B2-4F4E-928A-E30E90243DD1}.Release|x64.Build.0 = Release|x64
		{F036FF6A-D3B2-4F4E-928A-E30E90243DD1}.Release|x86.ActiveCfg = Release|Win32
		{F036FF6A-D3B2-4F4E-928A-E30E90243DD1}.Release|x86.Build.0 = Release|Win32
		{4731C1C7-10E6-4B74-8260-A00BE1B620F6}.Debug|x64.ActiveCfg = Debug|x64
		{4731C1C7-10E6-4B74-8260-A00BE1B620F6}.Debug|x64.Build.0 = Debug|x64
		{4731C1C7-10E6-4B74-8260-A00BE1B620F6}.Debug|x86.ActiveCfg = Debug|Win32
		{4731C1C7-10E6-4B74-8260-A00BE1B620F6}.Debug|x86.Build.0 = Debug|Win32
		{4731C1C7-10E6-4B74-8260-A00BE1B620F6}.Release|x64.ActiveCfg = Release|x64
		{4731C1C7-10E6-4B74-8260-A00BE1B620F6}.Release|x64.Build.0 = Release|x64
		{4731C1C7-10E6-4B74-8260-A00BE1B620F6}.Release|x86.ActiveCfg = Release|Win32
		{4731C1C7-10E6-4B74-8260-A00BE1B620F6}.Release|x86.Build.0 = Release|Win32
	EndGlobalSection
	GlobalSection(SolutionProperties) = preSolution
		HideSolutionNode = FALSE
	EndGlobalSection
	GlobalSection(NestedProjects) = preSolution
		{4447AD4F-5D6D-4034-A3FC-FDFAEE247FEC} = {9CA65574-BCAE-44E6-BC78-0C41DF50E9EC}
		{17C7B916-2CBC-4989-B041-D89C8557D742} = {5C12F6BA-C3B9-4AAD-ADF8-2F8DAD8E8F70}
		{77630C7D-54DD-476C-A783-4DE6FB343511} = {AAEE4019-B8DE-4CC1-A219-D388A5C274DE}
		{F036FF6A-D3B2-4F4E-928A-E30E90243DD1} = {FD0BC84F-8A9D-461F-9D64-E7AFE0CE96F3}
		{4731C1C7-10E6-4B74-8260-A00BE1B620F6} = {3AA4F1CF-16CB-47B8-BA57-9834ED192011}
	EndGlobalSection
	GlobalSection(ExtensibilityGlobals) = postSolution
		SolutionGuid = {C5AC4C68-A13D-4DA3-BC90-7D74B4958B0C}
	EndGlobalSection
EndGlobal
