
Microsoft Visual Studio Solution File, Format Version 12.00
# Visual Studio Version 17
VisualStudioVersion = 17.8.34330.188
MinimumVisualStudioVersion = 10.0.40219.1
Project("{2150E333-8FDC-42A3-9474-1A3956D46DE8}") = "Level0", "Level0", "{DF6323CA-EDE8-4231-A59C-C53FEB63D59C}"
EndProject
Project("{8BC9CEB8-8B4A-11D0-8D11-00A0C91BC942}") = "EngineBase", "EngineBase\EngineBase.vcxproj", "{ECFB92A0-6B2D-44D6-8796-77B0E6EF2CEE}"
EndProject
Project("{2150E333-8FDC-42A3-9474-1A3956D46DE8}") = "Level1", "Level1", "{61D76F01-A31B-4D26-8E2A-FD63CCFA9ACE}"
EndProject
Project("{8BC9CEB8-8B4A-11D0-8D11-00A0C91BC942}") = "EnginePlatform", "EnginePlatform\EnginePlatform.vcxproj", "{F921752D-BD4F-4BCE-90D2-77D3898FC0F4}"
EndProject
Project("{2150E333-8FDC-42A3-9474-1A3956D46DE8}") = "Level2", "Level2", "{BC011420-EADD-46DC-9767-69B5438ACB74}"
EndProject
Project("{8BC9CEB8-8B4A-11D0-8D11-00A0C91BC942}") = "EngineCore", "EngineCore\EngineCore.vcxproj", "{EB326AB9-92E9-4177-837F-431B79C84CA5}"
EndProject
Project("{2150E333-8FDC-42A3-9474-1A3956D46DE8}") = "Level3", "Level3", "{0A21101C-DD95-4D66-8580-2230BCE35E1C}"
EndProject
Project("{2150E333-8FDC-42A3-9474-1A3956D46DE8}") = "Level4", "Level4", "{EBE9933F-E27C-437F-A863-324F1EF1B68D}"
EndProject
Project("{8BC9CEB8-8B4A-11D0-8D11-00A0C91BC942}") = "Contents", "Contents\Contents.vcxproj", "{DAD20C2A-3AC6-4544-9FE7-446EBB3A792E}"
EndProject
Project("{8BC9CEB8-8B4A-11D0-8D11-00A0C91BC942}") = "App", "App\App.vcxproj", "{0399973F-3E3B-46B7-AC2B-985F6D745BF7}"
EndProject
Global
	GlobalSection(SolutionConfigurationPlatforms) = preSolution
		Debug|x64 = Debug|x64
		Debug|x86 = Debug|x86
		Release|x64 = Release|x64
		Release|x86 = Release|x86
	EndGlobalSection
	GlobalSection(ProjectConfigurationPlatforms) = postSolution
		{ECFB92A0-6B2D-44D6-8796-77B0E6EF2CEE}.Debug|x64.ActiveCfg = Debug|x64
		{ECFB92A0-6B2D-44D6-8796-77B0E6EF2CEE}.Debug|x64.Build.0 = Debug|x64
		{ECFB92A0-6B2D-44D6-8796-77B0E6EF2CEE}.Debug|x86.ActiveCfg = Debug|Win32
		{ECFB92A0-6B2D-44D6-8796-77B0E6EF2CEE}.Debug|x86.Build.0 = Debug|Win32
		{ECFB92A0-6B2D-44D6-8796-77B0E6EF2CEE}.Release|x64.ActiveCfg = Release|x64
		{ECFB92A0-6B2D-44D6-8796-77B0E6EF2CEE}.Release|x64.Build.0 = Release|x64
		{ECFB92A0-6B2D-44D6-8796-77B0E6EF2CEE}.Release|x86.ActiveCfg = Release|Win32
		{ECFB92A0-6B2D-44D6-8796-77B0E6EF2CEE}.Release|x86.Build.0 = Release|Win32
		{F921752D-BD4F-4BCE-90D2-77D3898FC0F4}.Debug|x64.ActiveCfg = Debug|x64
		{F921752D-BD4F-4BCE-90D2-77D3898FC0F4}.Debug|x64.Build.0 = Debug|x64
		{F921752D-BD4F-4BCE-90D2-77D3898FC0F4}.Debug|x86.ActiveCfg = Debug|Win32
		{F921752D-BD4F-4BCE-90D2-77D3898FC0F4}.Debug|x86.Build.0 = Debug|Win32
		{F921752D-BD4F-4BCE-90D2-77D3898FC0F4}.Release|x64.ActiveCfg = Release|x64
		{F921752D-BD4F-4BCE-90D2-77D3898FC0F4}.Release|x64.Build.0 = Release|x64
		{F921752D-BD4F-4BCE-90D2-77D3898FC0F4}.Release|x86.ActiveCfg = Release|Win32
		{F921752D-BD4F-4BCE-90D2-77D3898FC0F4}.Release|x86.Build.0 = Release|Win32
		{EB326AB9-92E9-4177-837F-431B79C84CA5}.Debug|x64.ActiveCfg = Debug|x64
		{EB326AB9-92E9-4177-837F-431B79C84CA5}.Debug|x64.Build.0 = Debug|x64
		{EB326AB9-92E9-4177-837F-431B79C84CA5}.Debug|x86.ActiveCfg = Debug|Win32
		{EB326AB9-92E9-4177-837F-431B79C84CA5}.Debug|x86.Build.0 = Debug|Win32
		{EB326AB9-92E9-4177-837F-431B79C84CA5}.Release|x64.ActiveCfg = Release|x64
		{EB326AB9-92E9-4177-837F-431B79C84CA5}.Release|x64.Build.0 = Release|x64
		{EB326AB9-92E9-4177-837F-431B79C84CA5}.Release|x86.ActiveCfg = Release|Win32
		{EB326AB9-92E9-4177-837F-431B79C84CA5}.Release|x86.Build.0 = Release|Win32
		{DAD20C2A-3AC6-4544-9FE7-446EBB3A792E}.Debug|x64.ActiveCfg = Debug|x64
		{DAD20C2A-3AC6-4544-9FE7-446EBB3A792E}.Debug|x64.Build.0 = Debug|x64
		{DAD20C2A-3AC6-4544-9FE7-446EBB3A792E}.Debug|x86.ActiveCfg = Debug|Win32
		{DAD20C2A-3AC6-4544-9FE7-446EBB3A792E}.Debug|x86.Build.0 = Debug|Win32
		{DAD20C2A-3AC6-4544-9FE7-446EBB3A792E}.Release|x64.ActiveCfg = Release|x64
		{DAD20C2A-3AC6-4544-9FE7-446EBB3A792E}.Release|x64.Build.0 = Release|x64
		{DAD20C2A-3AC6-4544-9FE7-446EBB3A792E}.Release|x86.ActiveCfg = Release|Win32
		{DAD20C2A-3AC6-4544-9FE7-446EBB3A792E}.Release|x86.Build.0 = Release|Win32
		{0399973F-3E3B-46B7-AC2B-985F6D745BF7}.Debug|x64.ActiveCfg = Debug|x64
		{0399973F-3E3B-46B7-AC2B-985F6D745BF7}.Debug|x64.Build.0 = Debug|x64
		{0399973F-3E3B-46B7-AC2B-985F6D745BF7}.Debug|x86.ActiveCfg = Debug|Win32
		{0399973F-3E3B-46B7-AC2B-985F6D745BF7}.Debug|x86.Build.0 = Debug|Win32
		{0399973F-3E3B-46B7-AC2B-985F6D745BF7}.Release|x64.ActiveCfg = Release|x64
		{0399973F-3E3B-46B7-AC2B-985F6D745BF7}.Release|x64.Build.0 = Release|x64
		{0399973F-3E3B-46B7-AC2B-985F6D745BF7}.Release|x86.ActiveCfg = Release|Win32
		{0399973F-3E3B-46B7-AC2B-985F6D745BF7}.Release|x86.Build.0 = Release|Win32
	EndGlobalSection
	GlobalSection(SolutionProperties) = preSolution
		HideSolutionNode = FALSE
	EndGlobalSection
	GlobalSection(NestedProjects) = preSolution
		{ECFB92A0-6B2D-44D6-8796-77B0E6EF2CEE} = {DF6323CA-EDE8-4231-A59C-C53FEB63D59C}
		{F921752D-BD4F-4BCE-90D2-77D3898FC0F4} = {61D76F01-A31B-4D26-8E2A-FD63CCFA9ACE}
		{EB326AB9-92E9-4177-837F-431B79C84CA5} = {BC011420-EADD-46DC-9767-69B5438ACB74}
		{DAD20C2A-3AC6-4544-9FE7-446EBB3A792E} = {0A21101C-DD95-4D66-8580-2230BCE35E1C}
		{0399973F-3E3B-46B7-AC2B-985F6D745BF7} = {EBE9933F-E27C-437F-A863-324F1EF1B68D}
	EndGlobalSection
	GlobalSection(ExtensibilityGlobals) = postSolution
		SolutionGuid = {C5AC4C68-A13D-4DA3-BC90-7D74B4958B0C}
	EndGlobalSection
EndGlobal
